# This file is automatically @generated by Cargo.
# It is not intended for manual editing.
[[package]]
name = "kern"
version = "1.1.6"
source = "registry+https://github.com/rust-lang/crates.io-index"
checksum = "231129465395bd4048b3345ffe52a77365248269e4b9e8b3eff5f3a36a90346d"

[[package]]
name = "monirs"
version = "0.0.1"
dependencies = [
 "kern",
]
