# This file is automatically @generated by Cargo.
# It is not intended for manual editing.
[[package]]
name = "kern"
version = "1.1.2"
source = "registry+https://github.com/rust-lang/crates.io-index"
checksum = "081afde2e0ded40c86d92a5b3e74362accd93e2dcf5a3561bb7ded0ba4c47e8c"

[[package]]
name = "monirs"
version = "0.0.0"
dependencies = [
 "kern",
]
