# This file is automatically @generated by Cargo.
# It is not intended for manual editing.
version = 3

[[package]]
name = "kern"
version = "1.5.1"
source = "registry+https://github.com/rust-lang/crates.io-index"
checksum = "1747bb0212bad904203ff7a670d382429c1b5882a540f5e7afda406215a057a2"

[[package]]
name = "monirs"
version = "0.0.1"
dependencies = [
 "kern",
]
